
Microsoft Visual Studio Solution File, Format Version 12.00
# Visual Studio Version 16
VisualStudioVersion = 16.0.30711.63
MinimumVisualStudioVersion = 10.0.40219.1
Project("{8BC9CEB8-8B4A-11D0-8D11-00A0C91BC942}") = "Project8.2", "Project8.2\Project8.2.vcxproj", "{51502B04-3B17-4428-96B4-4FFB104A7E19}"
EndProject
Project("{8BC9CEB8-8B4A-11D0-8D11-00A0C91BC942}") = "UnitTest1", "UnitTest1\UnitTest1.vcxproj", "{D891DBD9-44C0-4349-A4D3-9D83FA8D4553}"
EndProject
Global
	GlobalSection(SolutionConfigurationPlatforms) = preSolution
		Debug|x64 = Debug|x64
		Debug|x86 = Debug|x86
		Release|x64 = Release|x64
		Release|x86 = Release|x86
	EndGlobalSection
	GlobalSection(ProjectConfigurationPlatforms) = postSolution
		{51502B04-3B17-4428-96B4-4FFB104A7E19}.Debug|x64.ActiveCfg = Debug|x64
		{51502B04-3B17-4428-96B4-4FFB104A7E19}.Debug|x64.Build.0 = Debug|x64
		{51502B04-3B17-4428-96B4-4FFB104A7E19}.Debug|x86.ActiveCfg = Debug|Win32
		{51502B04-3B17-4428-96B4-4FFB104A7E19}.Debug|x86.Build.0 = Debug|Win32
		{51502B04-3B17-4428-96B4-4FFB104A7E19}.Release|x64.ActiveCfg = Release|x64
		{51502B04-3B17-4428-96B4-4FFB104A7E19}.Release|x64.Build.0 = Release|x64
		{51502B04-3B17-4428-96B4-4FFB104A7E19}.Release|x86.ActiveCfg = Release|Win32
		{51502B04-3B17-4428-96B4-4FFB104A7E19}.Release|x86.Build.0 = Release|Win32
		{D891DBD9-44C0-4349-A4D3-9D83FA8D4553}.Debug|x64.ActiveCfg = Debug|x64
		{D891DBD9-44C0-4349-A4D3-9D83FA8D4553}.Debug|x64.Build.0 = Debug|x64
		{D891DBD9-44C0-4349-A4D3-9D83FA8D4553}.Debug|x86.ActiveCfg = Debug|Win32
		{D891DBD9-44C0-4349-A4D3-9D83FA8D4553}.Debug|x86.Build.0 = Debug|Win32
		{D891DBD9-44C0-4349-A4D3-9D83FA8D4553}.Release|x64.ActiveCfg = Release|x64
		{D891DBD9-44C0-4349-A4D3-9D83FA8D4553}.Release|x64.Build.0 = Release|x64
		{D891DBD9-44C0-4349-A4D3-9D83FA8D4553}.Release|x86.ActiveCfg = Release|Win32
		{D891DBD9-44C0-4349-A4D3-9D83FA8D4553}.Release|x86.Build.0 = Release|Win32
	EndGlobalSection
	GlobalSection(SolutionProperties) = preSolution
		HideSolutionNode = FALSE
	EndGlobalSection
	GlobalSection(ExtensibilityGlobals) = postSolution
		SolutionGuid = {115FB118-DCB1-4B86-9A9B-2AF8B27BEE7C}
	EndGlobalSection
EndGlobal
